
Microsoft Visual Studio Solution File, Format Version 12.00
# Visual Studio Version 16
VisualStudioVersion = 16.0.32228.343
MinimumVisualStudioVersion = 10.0.40219.1
Project("{8BC9CEB8-8B4A-11D0-8D11-00A0C91BC942}") = "CPP_inline", "CPP_inline\CPP_inline.vcxproj", "{499F7549-212F-494E-AEFD-10B676AC735D}"
EndProject
Global
	GlobalSection(SolutionConfigurationPlatforms) = preSolution
		Debug|x64 = Debug|x64
		Debug|x86 = Debug|x86
		Release|x64 = Release|x64
		Release|x86 = Release|x86
	EndGlobalSection
	GlobalSection(ProjectConfigurationPlatforms) = postSolution
		{499F7549-212F-494E-AEFD-10B676AC735D}.Debug|x64.ActiveCfg = Debug|x64
		{499F7549-212F-494E-AEFD-10B676AC735D}.Debug|x64.Build.0 = Debug|x64
		{499F7549-212F-494E-AEFD-10B676AC735D}.Debug|x86.ActiveCfg = Debug|Win32
		{499F7549-212F-494E-AEFD-10B676AC735D}.Debug|x86.Build.0 = Debug|Win32
		{499F7549-212F-494E-AEFD-10B676AC735D}.Release|x64.ActiveCfg = Release|x64
		{499F7549-212F-494E-AEFD-10B676AC735D}.Release|x64.Build.0 = Release|x64
		{499F7549-212F-494E-AEFD-10B676AC735D}.Release|x86.ActiveCfg = Release|Win32
		{499F7549-212F-494E-AEFD-10B676AC735D}.Release|x86.Build.0 = Release|Win32
	EndGlobalSection
	GlobalSection(SolutionProperties) = preSolution
		HideSolutionNode = FALSE
	EndGlobalSection
	GlobalSection(ExtensibilityGlobals) = postSolution
		SolutionGuid = {D3F16680-5ECF-4C18-826D-BC505A6C457B}
	EndGlobalSection
EndGlobal
