
Microsoft Visual Studio Solution File, Format Version 12.00
# Visual Studio Version 16
VisualStudioVersion = 16.0.32228.343
MinimumVisualStudioVersion = 10.0.40219.1
Project("{8BC9CEB8-8B4A-11D0-8D11-00A0C91BC942}") = "CPP_leftover", "CPP_leftover\CPP_leftover.vcxproj", "{AF33545C-D7E2-4B56-92D4-294579EC1005}"
EndProject
Global
	GlobalSection(SolutionConfigurationPlatforms) = preSolution
		Debug|x64 = Debug|x64
		Debug|x86 = Debug|x86
		Release|x64 = Release|x64
		Release|x86 = Release|x86
	EndGlobalSection
	GlobalSection(ProjectConfigurationPlatforms) = postSolution
		{AF33545C-D7E2-4B56-92D4-294579EC1005}.Debug|x64.ActiveCfg = Debug|x64
		{AF33545C-D7E2-4B56-92D4-294579EC1005}.Debug|x64.Build.0 = Debug|x64
		{AF33545C-D7E2-4B56-92D4-294579EC1005}.Debug|x86.ActiveCfg = Debug|Win32
		{AF33545C-D7E2-4B56-92D4-294579EC1005}.Debug|x86.Build.0 = Debug|Win32
		{AF33545C-D7E2-4B56-92D4-294579EC1005}.Release|x64.ActiveCfg = Release|x64
		{AF33545C-D7E2-4B56-92D4-294579EC1005}.Release|x64.Build.0 = Release|x64
		{AF33545C-D7E2-4B56-92D4-294579EC1005}.Release|x86.ActiveCfg = Release|Win32
		{AF33545C-D7E2-4B56-92D4-294579EC1005}.Release|x86.Build.0 = Release|Win32
	EndGlobalSection
	GlobalSection(SolutionProperties) = preSolution
		HideSolutionNode = FALSE
	EndGlobalSection
	GlobalSection(ExtensibilityGlobals) = postSolution
		SolutionGuid = {AC603E86-1152-4448-BC1C-4207E371FF92}
	EndGlobalSection
EndGlobal
